# This file is autogenerated, do not edit; changes may be undone by the next 'dep ensure'.


[[projects]]
  branch = "default"
  name = "bitbucket.org/ww/goautoneg"
  packages = ["."]
  revision = "75cd24fc2f2c2a2088577d12123ddee5f54e0675"

[[projects]]
  name = "github.com/BurntSushi/toml"
  packages = ["."]
  revision = "99064174e013895bbd9b025c31100bd1d9b590ca"

[[projects]]
  branch = "master"
  name = "github.com/FactomProject/basen"
  packages = ["."]
  revision = "fe3947df716ebfda9847eb1b9a48f9592e06478c"

[[projects]]
  branch = "master"
  name = "github.com/FactomProject/btcutilecc"
  packages = ["."]
  revision = "d3a63a5752ecf3fbc06bd97365da752111c263df"

[[projects]]
  name = "github.com/Masterminds/squirrel"
  packages = ["."]
  revision = "20f192218cf52a73397fa2df45bdda720f3e47c8"

[[projects]]
  name = "github.com/agl/ed25519"
  packages = [".","edwards25519"]
  revision = "278e1ec8e8a6e017cd07577924d6766039146ced"

[[projects]]
  branch = "master"
  name = "github.com/ajg/form"
  packages = ["."]
  revision = "523a5da1a92f01b01f840b61689c0340a0243532"

[[projects]]
  name = "github.com/asaskevich/govalidator"
  packages = ["."]
  revision = "7d2e70ef918f16bd6455529af38304d6d025c952"
  source = "https://github.com/asaskevich/govalidator.git"

[[projects]]
  name = "github.com/aws/aws-sdk-go"
  packages = ["aws","aws/awserr","aws/awsutil","aws/client","aws/client/metadata","aws/corehandlers","aws/credentials","aws/credentials/ec2rolecreds","aws/credentials/endpointcreds","aws/credentials/stscreds","aws/defaults","aws/ec2metadata","aws/endpoints","aws/request","aws/session","aws/signer/v4","private/protocol","private/protocol/query","private/protocol/query/queryutil","private/protocol/rest","private/protocol/restxml","private/protocol/xml/xmlutil","private/waiter","service/s3","service/sts"]
  revision = "8649d278323ebf6bd20c9cd56ecb152b1c617375"

[[projects]]
  name = "github.com/btcsuite/btcd"
  packages = ["btcec","btcjson","chaincfg","chaincfg/chainhash","rpcclient","txscript","wire"]
  revision = "4803a8291c92a1d2d41041b942a9a9e37deab065"

[[projects]]
  branch = "master"
  name = "github.com/btcsuite/btclog"
  packages = ["."]
  revision = "84c8d2346e9fc8c7b947e243b9c24e6df9fd206a"

[[projects]]
  name = "github.com/btcsuite/btcutil"
  packages = [".","base58","bech32"]
  revision = "501929d3d046174c3d39f0ea54ece471aa17238c"

[[projects]]
  branch = "master"
  name = "github.com/btcsuite/go-socks"
  packages = ["socks"]
  revision = "4720035b7bfd2a9bb130b1c184f8bbe41b6f0d0f"

[[projects]]
  branch = "master"
  name = "github.com/btcsuite/websocket"
  packages = ["."]
  revision = "31079b6807923eb23992c421b114992b95131b55"

[[projects]]
  name = "github.com/davecgh/go-spew"
  packages = ["spew"]
  revision = "5215b55f46b2b919f50a1df0eaa5886afe4e3b3d"

[[projects]]
  name = "github.com/ethereum/go-ethereum"
  packages = [".","common","common/hexutil","common/math","core/types","crypto","crypto/secp256k1","crypto/sha3","ethclient","log","params","rlp","rpc","trie"]
  revision = "ad444752311b1a318a7933562749b4586d4469e9"

[[projects]]
  name = "github.com/facebookgo/inject"
  packages = ["."]
  revision = "cc1aa653e50f6a9893bcaef89e673e5b24e1e97b"

[[projects]]
  branch = "master"
  name = "github.com/facebookgo/structtag"
  packages = ["."]
  revision = "217e25fb96916cc60332e399c9aa63f5c422ceed"

[[projects]]
  name = "github.com/fatih/structs"
  packages = ["."]
  revision = "a720dfa8df582c51dee1b36feabb906bde1588bd"
  version = "v1.0"

[[projects]]
  name = "github.com/gavv/monotime"
  packages = ["."]
  revision = "47d58efa69556a936a3c15eb2ed42706d968ab01"

[[projects]]
  name = "github.com/getsentry/raven-go"
  packages = ["."]
  revision = "c9d3cc542ad199f62c0264286be537f9bce6063c"

[[projects]]
  name = "github.com/go-chi/chi"
  packages = [".","middleware"]
  revision = "25354a53cca531cb2efd3f1d3c565d90ff04d802"
  version = "v3.1.5"

[[projects]]
  name = "github.com/go-errors/errors"
  packages = ["."]
  revision = "a41850380601eeb43f4350f7d17c6bbd8944aaf8"

[[projects]]
  name = "github.com/go-ini/ini"
  packages = ["."]
  revision = "6f66b0e091edb3c7b380f7c4f0f884274d550b67"
  version = "v1.23.0"

[[projects]]
  name = "github.com/go-sql-driver/mysql"
  packages = ["."]
  revision = "2e00b5cd70399450106cec6431c2e2ce3cae5034"

[[projects]]
  name = "github.com/go-stack/stack"
  packages = ["."]
  revision = "817915b46b97fd7bb80e8ab6b69f01a53ac3eebf"
  version = "v1.6.0"

[[projects]]
  branch = "master"
  name = "github.com/goji/httpauth"
  packages = ["."]
  revision = "2da839ab0f4df05a6db5eb277995589dadbd4fb9"

[[projects]]
  name = "github.com/gomodule/redigo"
  packages = ["internal","redis"]
  revision = "9c11da706d9b7902c6da69c592f75637793fe121"
  version = "v2.0.0"

[[projects]]
  name = "github.com/google/go-querystring"
  packages = ["query"]
  revision = "9235644dd9e52eeae6fa48efd539fdc351a0af53"

[[projects]]
  name = "github.com/guregu/null"
  packages = ["."]
  revision = "79c5bd36b615db4c06132321189f579c8a5fca98"

[[projects]]
  branch = "master"
  name = "github.com/haltingstate/secp256k1-go"
  packages = [".","secp256k1-go2"]
  revision = "572209b26df66a638573023571b5ce80983214eb"

[[projects]]
  name = "github.com/hashicorp/golang-lru"
  packages = [".","simplelru"]
  revision = "20f1fb78b0740ba8c3cb143a61e86ba5c8669768"
  version = "v0.5.0"

[[projects]]
  branch = "master"
  name = "github.com/howeyc/gopass"
  packages = ["."]
  revision = "bf9dde6d0d2c004a008c27aaee91170c786f6db8"

[[projects]]
  name = "github.com/imkira/go-interpol"
  packages = ["."]
  revision = "5accad8134979a6ac504d456a6c7f1c53da237ca"
  version = "v1.1.0"

[[projects]]
  name = "github.com/inconshreveable/mousetrap"
  packages = ["."]
  revision = "76626ae9c91c4f2a10f34cad8ce83ea42c93bb75"
  version = "v1.0"

[[projects]]
  name = "github.com/jarcoal/httpmock"
  packages = ["."]
  revision = "4442edb3db31196622da56482fd8d0fa375fba4d"

[[projects]]
  name = "github.com/jmespath/go-jmespath"
  packages = ["."]
  revision = "bd40a432e4c76585ef6b72d3fd96fb9b6dc7b68d"

[[projects]]
  name = "github.com/jmoiron/sqlx"
  packages = [".","reflectx"]
  revision = "05b81a7d5d38058e42148dc01f17daf4acba4640"

[[projects]]
  name = "github.com/klauspost/compress"
  packages = ["flate","gzip","zlib"]
  revision = "e3b7981a12dd3cab49afa1d3a50e715846f23732"
  version = "v1.2"

[[projects]]
  name = "github.com/klauspost/cpuid"
  packages = ["."]
  revision = "09cded8978dc9e80714c4d85b0322337b0a1e5e0"
  version = "v1.0"

[[projects]]
  name = "github.com/klauspost/crc32"
  packages = ["."]
  revision = "cb6bfca970f6908083f26f39a79009d608efd5cd"
  version = "v1.1"

[[projects]]
  name = "github.com/kr/pretty"
  packages = ["."]
  revision = "e6ac2fc51e89a3249e82157fa0bb7a18ef9dd5bb"

[[projects]]
  name = "github.com/kr/text"
  packages = ["."]
  revision = "e373e137fafd8abd480af49182dea0513914adb4"

[[projects]]
  name = "github.com/lann/builder"
  packages = ["."]
  revision = "c603884a2c1fcf331c71940f3227a8111d29f3ba"

[[projects]]
  name = "github.com/lib/pq"
  packages = [".","oid"]
  revision = "50761b0867bd1d9d069276790bcd4a3bccf2324a"

[[projects]]
  name = "github.com/magiconair/properties"
  packages = ["."]
  revision = "359442d561ca28acd0fe503aa9f075f505bc9ed0"
  version = "v1.5.4"

[[projects]]
  branch = "master"
  name = "github.com/manucorporat/sse"
  packages = ["."]
  revision = "ee05b128a739a0fb76c7ebd3ae4810c1de808d6d"

[[projects]]
  name = "github.com/mattn/go-sqlite3"
  packages = ["."]
  revision = "efea85cb9a06f1d4f661649f6beb5fd04597a366"

[[projects]]
  name = "github.com/mitchellh/mapstructure"
  packages = ["."]
  revision = "2caf8efc93669b6c43e0441cdc6aed17546c96f3"

[[projects]]
  name = "github.com/mndrix/ps"
  packages = ["."]
  revision = "33ddf69629c1bcea76b04f4a4e9e00e4cce82eb6"

[[projects]]
  name = "github.com/moul/http2curl"
  packages = ["."]
  revision = "4e24498b31dba4683efb9d35c1c8a91e2eda28c8"

[[projects]]
  branch = "master"
  name = "github.com/onsi/ginkgo"
  packages = [".","config","extensions/table","internal/codelocation","internal/containernode","internal/failer","internal/leafnodes","internal/remote","internal/spec","internal/spec_iterator","internal/specrunner","internal/suite","internal/testingtproxy","internal/writer","reporters","reporters/stenographer","reporters/stenographer/support/go-colorable","reporters/stenographer/support/go-isatty","types"]
  revision = "c73579c58881b5ba90d3b08f6ac59cb1c909d6dd"

[[projects]]
  branch = "master"
  name = "github.com/onsi/gomega"
  packages = [".","format","internal/assertion","internal/asyncassertion","internal/oraclematcher","internal/testingtsupport","matchers","matchers/support/goraph/bipartitegraph","matchers/support/goraph/edge","matchers/support/goraph/node","matchers/support/goraph/util","types"]
  revision = "649b44d988ce182cabcda7dba01fcf3b6179ad19"

[[projects]]
  name = "github.com/pkg/errors"
  packages = ["."]
  revision = "645ef00459ed84a119197bfb8d8205042c6df63d"
  version = "v0.8.0"

[[projects]]
  name = "github.com/pmezard/go-difflib"
  packages = ["difflib"]
  revision = "792786c7400a136282c1664665ae0a8db921c6c2"
  version = "v1.0.0"

[[projects]]
  name = "github.com/r3labs/sse"
  packages = ["."]
  revision = "2f36fb519619e8589fbef5095fbe113c14e7d090"

[[projects]]
  name = "github.com/rcrowley/go-metrics"
  packages = ["."]
  revision = "a5cfc242a56ba7fa70b785f678d6214837bf93b9"

[[projects]]
  name = "github.com/rs/cors"
  packages = ["."]
  revision = "a62a804a8a009876ca59105f7899938a1349f4b3"
  version = "v1.0"

[[projects]]
  name = "github.com/rs/xhandler"
  packages = ["."]
  revision = "ed27b6fd65218132ee50cd95f38474a3d8a2cd12"
  version = "v.11"

[[projects]]
  name = "github.com/rubenv/sql-migrate"
  packages = [".","sqlparse"]
  revision = "53184e1edfb4f9655b0fa8dd2c23e7763f452bda"

[[projects]]
  name = "github.com/sebest/xff"
  packages = ["."]
  revision = "7a36e3a787b5228de26fbfec89d5060701010da0"

[[projects]]
  name = "github.com/segmentio/go-loggly"
  packages = ["."]
  revision = "eb91657e62b25699dd4e84d5562735440d4beace"

[[projects]]
  name = "github.com/sergi/go-diff"
  packages = ["diffmatchpatch"]
  revision = "83532ca1c1caa393179c677b6facf48e61f4ca5d"

[[projects]]
  name = "github.com/sirupsen/logrus"
  packages = [".","hooks/test"]
  revision = "68cec9f21fbf3ea8d8f98c044bc6ce05f17b267a"

[[projects]]
  name = "github.com/spf13/cast"
  packages = ["."]
  revision = "4d07383ffe94b5e5a6fa3af9211374a4507a0184"

[[projects]]
  name = "github.com/spf13/cobra"
  packages = ["."]
  revision = "9c28e4bbd74e5c3ed7aacbc552b2cab7cfdfe744"

[[projects]]
  name = "github.com/spf13/jwalterweatherman"
  packages = ["."]
  revision = "3d60171a64319ef63c78bd45bd60e6eab1e75f8b"

[[projects]]
  name = "github.com/spf13/pflag"
  packages = ["."]
  revision = "4bd69631f4750a9df249ee317f4536e02cbc3c65"

[[projects]]
  name = "github.com/spf13/viper"
  packages = ["."]
  revision = "db7ff930a189b98d602179d9001d33345f42b8c7"

[[projects]]
  branch = "master"
  name = "github.com/stellar/go-xdr"
  packages = ["xdr3"]
  revision = "0bc96f33a18ef2f963e75431dbed042129eb421b"

[[projects]]
  name = "github.com/stretchr/objx"
  packages = ["."]
  revision = "1a9d0bb9f541897e62256577b352fdbc1fb4fd94"

[[projects]]
  name = "github.com/stretchr/testify"
  packages = ["assert","mock","require","suite"]
  revision = "976c720a22c8eb4eb6a0b4348ad85ad12491a506"

[[projects]]
  name = "github.com/throttled/throttled"
  packages = ["."]
  revision = "c99eef3ad70a3be5a983770523e0e379699c805c"
  source = "https://github.com/bartekn/throttled.git"

[[projects]]
  branch = "master"
  name = "github.com/tyler-smith/go-bip32"
  packages = ["."]
  revision = "2c9cfd17756470a0b7c3e4b7954bae7d11035504"

[[projects]]
  name = "github.com/tyler-smith/go-bip39"
  packages = ["."]
  revision = "52158e4697b87de16ed390e1bdaf813e581008fa"

[[projects]]
  branch = "master"
  name = "github.com/valyala/bytebufferpool"
  packages = ["."]
  revision = "e746df99fe4a3986f4d4f79e13c1e0117ce9c2f7"

[[projects]]
  name = "github.com/valyala/fasthttp"
  packages = [".","fasthttputil","stackless"]
  revision = "0a7f0a797cd66b89588d0a7fdd670b706579a621"

[[projects]]
  name = "github.com/xeipuuv/gojsonpointer"
  packages = ["."]
  revision = "e0fe6f68307607d540ed8eac07a342c33fa1b54a"

[[projects]]
  name = "github.com/xeipuuv/gojsonreference"
  packages = ["."]
  revision = "e02fc20de94c78484cd5ffb007f8af96be030a45"

[[projects]]
  name = "github.com/xeipuuv/gojsonschema"
  packages = ["."]
  revision = "f06f290571ce81ab347174c6f7ad2e1865af41a7"

[[projects]]
  name = "github.com/yalp/jsonpath"
  packages = ["."]
  revision = "31a79c7593bb93eb10b163650d4a3e6ca190e4dc"

[[projects]]
  name = "github.com/yudai/gojsondiff"
  packages = [".","formatter"]
  revision = "7b1b7adf999dab73a6eb02669c3d82dbb27a3dd6"
  version = "1.0.0"

[[projects]]
  name = "github.com/yudai/golcs"
  packages = ["."]
  revision = "d1c525dea8ce39ea9a783d33cf08932305373f2c"

[[projects]]
  name = "golang.org/x/crypto"
  packages = ["pbkdf2","ripemd160","ssh/terminal"]
  revision = "1f22c0103821b9390939b6776727195525381532"

[[projects]]
  name = "golang.org/x/net"
  packages = ["context","html","html/atom","html/charset","http2","http2/hpack","idna","lex/httplex","publicsuffix","websocket"]
  revision = "9bc2a3340c92c17a20edcd0080e93851ed58f5d5"

[[projects]]
  name = "golang.org/x/sys"
  packages = ["unix"]
  revision = "1f5e250e1174502017917628cc48b52fdc25b531"

[[projects]]
  name = "golang.org/x/text"
  packages = ["encoding","encoding/charmap","encoding/htmlindex","encoding/internal","encoding/internal/identifier","encoding/japanese","encoding/korean","encoding/simplifiedchinese","encoding/traditionalchinese","encoding/unicode","internal/gen","internal/tag","internal/utf8internal","language","runes","transform","unicode/cldr"]
  revision = "1cbadb444a806fd9430d14ad08967ed91da4fa0a"

[[projects]]
  name = "gopkg.in/fatih/set.v0"
  packages = ["."]
  revision = "57907de300222151a123d29255ed17f5ed43fad3"

[[projects]]
  name = "gopkg.in/gavv/httpexpect.v1"
  packages = ["."]
  revision = "40724cf1e4a08b670b14a02deff693a91f3aa9a0"

[[projects]]
  name = "gopkg.in/gorp.v1"
  packages = ["."]
  revision = "c87af80f3cc5036b55b83d77171e156791085e2e"
  version = "v1.7.1"

[[projects]]
  branch = "v2"
  name = "gopkg.in/karalabe/cookiejar.v2"
  packages = ["collections/prque"]
  revision = "8dcd6a7f4951f6ff3ee9cbb919a06d8925822e57"

[[projects]]
  branch = "v2"
  name = "gopkg.in/natefinch/npipe.v2"
  packages = ["."]
  revision = "c1b8fa8bdccecb0b8db834ee0b92fdbcfa606dd6"

[[projects]]
  name = "gopkg.in/tylerb/graceful.v1"
  packages = ["."]
  revision = "50a48b6e73fcc75b45e22c05b79629a67c79e938"
  version = "v1.2.13"

[[projects]]
  name = "gopkg.in/yaml.v2"
  packages = ["."]
  revision = "7ad95dd0798a40da1ccdff6dff35fd177b5edf40"

[solve-meta]
  analyzer-name = "dep"
  analyzer-version = 1
  inputs-digest = "6135e279168c0b30cca6d643672dfa2d861b05b9ee977cc5cf9d27fdf8406c49"
  solver-name = "gps-cdcl"
  solver-version = 1
