# This file is autogenerated, do not edit; changes may be undone by the next 'dep ensure'.


[[projects]]
  branch = "default"
  digest = "1:24df057f15e7a09e75c1241cbe6f6590fd3eac9804f1110b02efade3214f042d"
  name = "bitbucket.org/ww/goautoneg"
  packages = ["."]
  pruneopts = "T"
  revision = "75cd24fc2f2c2a2088577d12123ddee5f54e0675"

[[projects]]
  digest = "1:cf92603e0761aeb674483d47dd1a4173fc435ef77df71119d3b70c3eccaeb626"
  name = "github.com/BurntSushi/toml"
  packages = ["."]
  pruneopts = "T"
  revision = "99064174e013895bbd9b025c31100bd1d9b590ca"

[[projects]]
  branch = "master"
  digest = "1:1a7e4b5bedcd24c5513ad6cb0987bd0209a5378d59684c996c95009e84c7fb32"
  name = "github.com/FactomProject/basen"
  packages = ["."]
  pruneopts = "T"
  revision = "fe3947df716ebfda9847eb1b9a48f9592e06478c"

[[projects]]
  branch = "master"
  digest = "1:2e4626d33e9ff3ca8ced52a94768647fcb5102505b2bf66a9da4135826396688"
  name = "github.com/FactomProject/btcutilecc"
  packages = ["."]
  pruneopts = "T"
  revision = "d3a63a5752ecf3fbc06bd97365da752111c263df"

[[projects]]
  digest = "1:4bc622d0f7772ba43b97a2395283c2be4cbefcde88b3a253b05d61beac66ea1d"
  name = "github.com/Masterminds/squirrel"
  packages = ["."]
  pruneopts = "T"
  revision = "20f192218cf52a73397fa2df45bdda720f3e47c8"

[[projects]]
  digest = "1:409c6b044ddccdcb281f06d461ec8fe440ff47cd0e2e0235374057dd5cd38523"
  name = "github.com/PuerkitoBio/throttled"
  packages = [
    ".",
    "store",
  ]
  pruneopts = "T"
  revision = "1c8297c643b774435df8df65f7502b37d014fb6b"

[[projects]]
  digest = "1:99851d69cfb33fc9e027ae5190748dfca08457942386a3359abd42ef0d73d20f"
  name = "github.com/agl/ed25519"
  packages = [
    ".",
    "edwards25519",
  ]
  pruneopts = "T"
  revision = "278e1ec8e8a6e017cd07577924d6766039146ced"

[[projects]]
  branch = "master"
  digest = "1:0f58bf4103da77bfd026185b49755f4cd020fec4f12657ea4609d9de4593513c"
  name = "github.com/ajg/form"
  packages = ["."]
  pruneopts = "T"
  revision = "523a5da1a92f01b01f840b61689c0340a0243532"

[[projects]]
  digest = "1:a9d72387197f5b54e24fd51499668fb597e25db8f5223bfb51db3bdd10e2d8eb"
  name = "github.com/asaskevich/govalidator"
  packages = ["."]
  pruneopts = "T"
  revision = "7d2e70ef918f16bd6455529af38304d6d025c952"
  source = "https://github.com/asaskevich/govalidator.git"

[[projects]]
  digest = "1:b6ce38ef977bd5df1f9a7824549f03e542b772edf86f565ad1392a9fa68b9676"
  name = "github.com/aws/aws-sdk-go"
  packages = [
    "aws",
    "aws/awserr",
    "aws/awsutil",
    "aws/client",
    "aws/client/metadata",
    "aws/corehandlers",
    "aws/credentials",
    "aws/credentials/ec2rolecreds",
    "aws/credentials/endpointcreds",
    "aws/credentials/stscreds",
    "aws/defaults",
    "aws/ec2metadata",
    "aws/endpoints",
    "aws/request",
    "aws/session",
    "aws/signer/v4",
    "private/protocol",
    "private/protocol/query",
    "private/protocol/query/queryutil",
    "private/protocol/rest",
    "private/protocol/restxml",
    "private/protocol/xml/xmlutil",
    "private/waiter",
    "service/s3",
    "service/sts",
  ]
  pruneopts = "T"
  revision = "8649d278323ebf6bd20c9cd56ecb152b1c617375"

[[projects]]
  digest = "1:df45a13368450db7e5a2015aafd8fef7349afd7c9910fb511c74a775ac55a3e8"
  name = "github.com/btcsuite/btcd"
  packages = [
    "btcec",
    "btcjson",
    "chaincfg",
    "chaincfg/chainhash",
    "rpcclient",
    "txscript",
    "wire",
  ]
  pruneopts = "T"
  revision = "4803a8291c92a1d2d41041b942a9a9e37deab065"

[[projects]]
  branch = "master"
  digest = "1:30d4a548e09bca4a0c77317c58e7407e2a65c15325e944f9c08a7b7992f8a59e"
  name = "github.com/btcsuite/btclog"
  packages = ["."]
  pruneopts = "T"
  revision = "84c8d2346e9fc8c7b947e243b9c24e6df9fd206a"

[[projects]]
  digest = "1:ed02d4a462b870e70a51af073a3168cc837e1df2951b3ca357c92807bbe1a38a"
  name = "github.com/btcsuite/btcutil"
  packages = [
    ".",
    "base58",
    "bech32",
  ]
  pruneopts = "T"
  revision = "501929d3d046174c3d39f0ea54ece471aa17238c"

[[projects]]
  branch = "master"
  digest = "1:422f38d57f1bc0fdc34f26d0f1026869a3710400b09b5478c9288efa13573cfa"
  name = "github.com/btcsuite/go-socks"
  packages = ["socks"]
  pruneopts = "T"
  revision = "4720035b7bfd2a9bb130b1c184f8bbe41b6f0d0f"

[[projects]]
  branch = "master"
  digest = "1:0c86bb908769e764c918826ff3809c1ecc3a7a41f715dbac69ef2bd5c1357c3c"
  name = "github.com/btcsuite/websocket"
  packages = ["."]
  pruneopts = "T"
  revision = "31079b6807923eb23992c421b114992b95131b55"

[[projects]]
  digest = "1:33ad47e6f2f3685027d42cbf66067e0e2e75f8841d95b802bad85f5fa4c7c956"
  name = "github.com/davecgh/go-spew"
  packages = ["spew"]
  pruneopts = "T"
  revision = "5215b55f46b2b919f50a1df0eaa5886afe4e3b3d"

[[projects]]
  digest = "1:5297743abfa08385d460c70f49cf0f0f01433445b400931a23027e846b594477"
  name = "github.com/ethereum/go-ethereum"
  packages = [
    ".",
    "common",
    "common/hexutil",
    "common/math",
    "core/types",
    "crypto",
    "crypto/secp256k1",
    "crypto/sha3",
    "ethclient",
    "log",
    "params",
    "rlp",
    "rpc",
    "trie",
  ]
  pruneopts = "T"
  revision = "ad444752311b1a318a7933562749b4586d4469e9"

[[projects]]
  digest = "1:511900e41b218cad3de58747e176c74c9c06686c5cdcc662765503377bef5668"
  name = "github.com/facebookgo/inject"
  packages = ["."]
  pruneopts = "T"
  revision = "cc1aa653e50f6a9893bcaef89e673e5b24e1e97b"

[[projects]]
  branch = "master"
  digest = "1:ebaa56dda9c50929b1ade8dc5388e1d0f7861c6e3af78459ac560212310feb25"
  name = "github.com/facebookgo/structtag"
  packages = ["."]
  pruneopts = "T"
  revision = "217e25fb96916cc60332e399c9aa63f5c422ceed"

[[projects]]
  digest = "1:ca82a3b99694824c627573c2a76d0e49719b4a9c02d1d85a2ac91f1c1f52ab9b"
  name = "github.com/fatih/structs"
  packages = ["."]
  pruneopts = "T"
  revision = "a720dfa8df582c51dee1b36feabb906bde1588bd"
  version = "v1.0"

[[projects]]
  digest = "1:1dba21b5c876bf139d415909c3e20cbd754b7fd6e35d1775023502c971600780"
  name = "github.com/garyburd/redigo"
  packages = [
    "internal",
    "redis",
  ]
  pruneopts = "T"
  revision = "8b1d80a45a732e6d95e22dcc2e067312c664936c"

[[projects]]
  digest = "1:3cffcaa76937c4207f2b0e7d2a9c5ed452e1062e6f07dd288808cdb03ed64d0d"
  name = "github.com/gavv/monotime"
  packages = ["."]
  pruneopts = "T"
  revision = "47d58efa69556a936a3c15eb2ed42706d968ab01"

[[projects]]
  digest = "1:45ad78bba0c086eaeba0be11bc67b9a3faf693323cb29327d021fd742302eef2"
  name = "github.com/getsentry/raven-go"
  packages = ["."]
  pruneopts = "T"
  revision = "c9d3cc542ad199f62c0264286be537f9bce6063c"

[[projects]]
  digest = "1:5a2a697c98b5c847ee0a1da2a66a42cddcd81a137e110a8abc3e631a3c6ec00d"
  name = "github.com/go-chi/chi"
  packages = [
    ".",
    "middleware",
  ]
  pruneopts = "T"
  revision = "25354a53cca531cb2efd3f1d3c565d90ff04d802"
  version = "v3.1.5"

[[projects]]
  digest = "1:0a10955eef903751ab7acb6664d3d5efa3de2de693dafd2ed01a7cfedf6636e8"
  name = "github.com/go-errors/errors"
  packages = ["."]
  pruneopts = "T"
  revision = "a41850380601eeb43f4350f7d17c6bbd8944aaf8"

[[projects]]
  digest = "1:052308afff095032d64616dedd4f4d0656b2b94ad1610b8f22f975b5a528ab88"
  name = "github.com/go-ini/ini"
  packages = ["."]
  pruneopts = "T"
  revision = "6f66b0e091edb3c7b380f7c4f0f884274d550b67"
  version = "v1.23.0"

[[projects]]
  digest = "1:1387be1e53c552585412ee19dcc7166c55dbf258f04510326dc138a3f37c819e"
  name = "github.com/go-sql-driver/mysql"
  packages = ["."]
  pruneopts = "T"
  revision = "2e00b5cd70399450106cec6431c2e2ce3cae5034"

[[projects]]
  digest = "1:1ecf6125aba01b53e87eef03594102941d7f96c106787b53683323bdebf70a0e"
  name = "github.com/go-stack/stack"
  packages = ["."]
  pruneopts = "T"
  revision = "817915b46b97fd7bb80e8ab6b69f01a53ac3eebf"
  version = "v1.6.0"

[[projects]]
  branch = "master"
  digest = "1:205b3c069003f9d1458e4304427ab3652d8d7bac3bde1568a2d5486451e453bd"
  name = "github.com/goji/httpauth"
  packages = ["."]
  pruneopts = "T"
  revision = "2da839ab0f4df05a6db5eb277995589dadbd4fb9"

[[projects]]
  digest = "1:d7491e1f92e84bfe31dc29bc276bf7d55f9cb02927ed82cab56a198ec839bc29"
  name = "github.com/golang/groupcache"
  packages = ["lru"]
  pruneopts = "T"
  revision = "604ed5785183e59ae2789449d89e73f3a2a77987"

[[projects]]
  digest = "1:d9ddf73f04fe521d71675d2c11c0694d138ad08a58d730e7c32fb387abafabbe"
  name = "github.com/google/go-querystring"
  packages = ["query"]
  pruneopts = "T"
  revision = "9235644dd9e52eeae6fa48efd539fdc351a0af53"

[[projects]]
  digest = "1:1645a00815964b8746574a5688974d9e6285519bb053ea06b0758729eb5b2942"
  name = "github.com/guregu/null"
  packages = ["."]
  pruneopts = "T"
  revision = "79c5bd36b615db4c06132321189f579c8a5fca98"

[[projects]]
  branch = "master"
  digest = "1:f2a90b26392dce30cd10425545709815f38cf07a2ae21f5b3060f9276491555d"
  name = "github.com/haltingstate/secp256k1-go"
  packages = [
    ".",
    "secp256k1-go2",
  ]
  pruneopts = "T"
  revision = "572209b26df66a638573023571b5ce80983214eb"

[[projects]]
  branch = "master"
  digest = "1:0778dc7fce1b4669a8bfa7ae506ec1f595b6ab0f8989c1c0d22a8ca1144e9972"
  name = "github.com/howeyc/gopass"
  packages = ["."]
  pruneopts = "T"
  revision = "bf9dde6d0d2c004a008c27aaee91170c786f6db8"

[[projects]]
  digest = "1:8e2464598392786ea6ace786a778918a5ec08b3679617bfb0dd9abcd40600e72"
  name = "github.com/imkira/go-interpol"
  packages = ["."]
  pruneopts = "T"
  revision = "5accad8134979a6ac504d456a6c7f1c53da237ca"
  version = "v1.1.0"

[[projects]]
  digest = "1:870d441fe217b8e689d7949fef6e43efbc787e50f200cb1e70dbca9204a1d6be"
  name = "github.com/inconshreveable/mousetrap"
  packages = ["."]
  pruneopts = "T"
  revision = "76626ae9c91c4f2a10f34cad8ce83ea42c93bb75"
  version = "v1.0"

[[projects]]
  digest = "1:2cd69e80cd2aaf9ba96d9f1368fb8f56988597839f55b4af521b23be8e7ca573"
  name = "github.com/jarcoal/httpmock"
  packages = ["."]
  pruneopts = "T"
  revision = "4442edb3db31196622da56482fd8d0fa375fba4d"

[[projects]]
  digest = "1:732d34069df269e801fc2fcec98e42c39e7c831d6cb8f8a2dd6c4c4384958f6b"
  name = "github.com/jmespath/go-jmespath"
  packages = ["."]
  pruneopts = "T"
  revision = "bd40a432e4c76585ef6b72d3fd96fb9b6dc7b68d"

[[projects]]
  digest = "1:70f9af80210f87f02874051596b0c02f4fce2b115ff7028e2ac754523927659a"
  name = "github.com/jmoiron/sqlx"
  packages = [
    ".",
    "reflectx",
  ]
  pruneopts = "T"
  revision = "05b81a7d5d38058e42148dc01f17daf4acba4640"

[[projects]]
  digest = "1:14d434143144f0f4f3e6c8bc6ff035fa2321da997e32b2700085402260658630"
  name = "github.com/klauspost/compress"
  packages = [
    "flate",
    "gzip",
    "zlib",
  ]
  pruneopts = "T"
  revision = "e3b7981a12dd3cab49afa1d3a50e715846f23732"
  version = "v1.2"

[[projects]]
  digest = "1:872cd8ab8b58c0bcc303499e2648f7e5f3f3677985ec2878397d86fdfa95cc9b"
  name = "github.com/klauspost/cpuid"
  packages = ["."]
  pruneopts = "T"
  revision = "09cded8978dc9e80714c4d85b0322337b0a1e5e0"
  version = "v1.0"

[[projects]]
  digest = "1:1e5bf9cae557702ebbd51a32a94b47e3d1a20b7637682be08da8cf62152ec781"
  name = "github.com/klauspost/crc32"
  packages = ["."]
  pruneopts = "T"
  revision = "cb6bfca970f6908083f26f39a79009d608efd5cd"
  version = "v1.1"

[[projects]]
  digest = "1:045300d96eca8646d57c4a039de9b47694ef328612f69ef0ade22a97a670a8d8"
  name = "github.com/kr/pretty"
  packages = ["."]
  pruneopts = "T"
  revision = "e6ac2fc51e89a3249e82157fa0bb7a18ef9dd5bb"

[[projects]]
  digest = "1:fbc2ac843aaee5ff81725361c6303fc075f37e46348368f69a516bcad64d3ebd"
  name = "github.com/kr/text"
  packages = ["."]
  pruneopts = "T"
  revision = "e373e137fafd8abd480af49182dea0513914adb4"

[[projects]]
  digest = "1:a52af5e966f15957d4ee2ed240b55f61d905d45291e5e9e12e27b5691a8e795e"
  name = "github.com/lann/builder"
  packages = ["."]
  pruneopts = "T"
  revision = "c603884a2c1fcf331c71940f3227a8111d29f3ba"

[[projects]]
  digest = "1:c92cec18d5ad500beaecbb094638ff9e319ac31f3d1c7c5b68ba06bd6217e7a2"
  name = "github.com/lib/pq"
  packages = [
    ".",
    "oid",
  ]
  pruneopts = "T"
  revision = "50761b0867bd1d9d069276790bcd4a3bccf2324a"

[[projects]]
  digest = "1:7b64a000d64c808554c53442ef9593230e8742c1482108efc9a445f404b077f3"
  name = "github.com/magiconair/properties"
  packages = ["."]
  pruneopts = "T"
  revision = "359442d561ca28acd0fe503aa9f075f505bc9ed0"
  version = "v1.5.4"

[[projects]]
  branch = "master"
  digest = "1:31bd492aa2822484bcec518e0b693e1aedfdf9637b43527c0ad29d5cf8abfd43"
  name = "github.com/manucorporat/sse"
  packages = ["."]
  pruneopts = "T"
  revision = "ee05b128a739a0fb76c7ebd3ae4810c1de808d6d"

[[projects]]
  digest = "1:2c8b543d3a7345ab10850762595dd027b2ee87cfdc423cc2d977b568bf18228f"
  name = "github.com/mattn/go-sqlite3"
  packages = ["."]
  pruneopts = "T"
  revision = "efea85cb9a06f1d4f661649f6beb5fd04597a366"

[[projects]]
  digest = "1:922a47edb4c9b30c8d1e55ececa4fc35c791cccfac6b810c5155fc3a65751597"
  name = "github.com/mitchellh/mapstructure"
  packages = ["."]
  pruneopts = "T"
  revision = "2caf8efc93669b6c43e0441cdc6aed17546c96f3"

[[projects]]
  digest = "1:295b5b1227e71d2c9e8ed2ce72ca69f74ef5556ffcd24d3ecf69ec6052564341"
  name = "github.com/mndrix/ps"
  packages = ["."]
  pruneopts = "T"
  revision = "33ddf69629c1bcea76b04f4a4e9e00e4cce82eb6"

[[projects]]
  digest = "1:af4b154a6f4fc6d22f2ad18b0b1c740e6509ffb98f69bf52015683a775909668"
  name = "github.com/moul/http2curl"
  packages = ["."]
  pruneopts = "T"
  revision = "4e24498b31dba4683efb9d35c1c8a91e2eda28c8"

[[projects]]
  branch = "master"
  digest = "1:58e797548d332abdfdcb87422d79a0cc94982f6ada7881c2aec5dabb22a1a415"
  name = "github.com/onsi/ginkgo"
  packages = [
    ".",
    "config",
    "extensions/table",
    "internal/codelocation",
    "internal/containernode",
    "internal/failer",
    "internal/leafnodes",
    "internal/remote",
    "internal/spec",
    "internal/spec_iterator",
    "internal/specrunner",
    "internal/suite",
    "internal/testingtproxy",
    "internal/writer",
    "reporters",
    "reporters/stenographer",
    "reporters/stenographer/support/go-colorable",
    "reporters/stenographer/support/go-isatty",
    "types",
  ]
  pruneopts = "T"
  revision = "c73579c58881b5ba90d3b08f6ac59cb1c909d6dd"

[[projects]]
  branch = "master"
  digest = "1:58e8be7fa1667158c62f632c254153e3b1c91d86473406846ad41406aaea49be"
  name = "github.com/onsi/gomega"
  packages = [
    ".",
    "format",
    "internal/assertion",
    "internal/asyncassertion",
    "internal/oraclematcher",
    "internal/testingtsupport",
    "matchers",
    "matchers/support/goraph/bipartitegraph",
    "matchers/support/goraph/edge",
    "matchers/support/goraph/node",
    "matchers/support/goraph/util",
    "types",
  ]
  pruneopts = "T"
  revision = "649b44d988ce182cabcda7dba01fcf3b6179ad19"

[[projects]]
  digest = "1:40e195917a951a8bf867cd05de2a46aaf1806c50cf92eebf4c16f78cd196f747"
  name = "github.com/pkg/errors"
  packages = ["."]
  pruneopts = "T"
  revision = "645ef00459ed84a119197bfb8d8205042c6df63d"
  version = "v0.8.0"

[[projects]]
  digest = "1:22aa691fe0213cb5c07d103f9effebcb7ad04bee45a0ce5fe5369d0ca2ec3a1f"
  name = "github.com/pmezard/go-difflib"
  packages = ["difflib"]
  pruneopts = "T"
  revision = "792786c7400a136282c1664665ae0a8db921c6c2"
  version = "v1.0.0"

[[projects]]
  digest = "1:af064eef16f6e9523f70a9d6a9eef142ae3fb02bea8b2f0c0f3e07b18dc7f25b"
  name = "github.com/r3labs/sse"
  packages = ["."]
  pruneopts = "T"
  revision = "2f36fb519619e8589fbef5095fbe113c14e7d090"

[[projects]]
  digest = "1:745d6aedb50bf5fd2b1f23c8fb02326e86c6ef8fd891fe6cf8af369bf27b783b"
  name = "github.com/rcrowley/go-metrics"
  packages = ["."]
  pruneopts = "T"
  revision = "a5cfc242a56ba7fa70b785f678d6214837bf93b9"

[[projects]]
  digest = "1:613400d7688f0486bec153e7f6bb5323b7446a2a064e4246e0378bf77ea91deb"
  name = "github.com/rs/cors"
  packages = ["."]
  pruneopts = "T"
  revision = "a62a804a8a009876ca59105f7899938a1349f4b3"
  version = "v1.0"

[[projects]]
  digest = "1:570245f4c0d1fda215c2ace54b00d148564eefb0ba068c4d2aac7b91766f0a7e"
  name = "github.com/rs/xhandler"
  packages = ["."]
  pruneopts = "T"
  revision = "ed27b6fd65218132ee50cd95f38474a3d8a2cd12"
  version = "v.11"

[[projects]]
  digest = "1:aeebf12d5c8463faab36c6f9904e36cc9d825a7a3c735ad160a0abd09c71017d"
  name = "github.com/rubenv/sql-migrate"
  packages = [
    ".",
    "sqlparse",
  ]
  pruneopts = "T"
  revision = "53184e1edfb4f9655b0fa8dd2c23e7763f452bda"

[[projects]]
  digest = "1:746e354627daf5948dc32970502e849e6e49e575f6de9dcf06bdaea47997a802"
  name = "github.com/sebest/xff"
  packages = ["."]
  pruneopts = "T"
  revision = "7a36e3a787b5228de26fbfec89d5060701010da0"

[[projects]]
  digest = "1:11111a3e188b41fc4a97ea99d5ec026638f733c7d3a855549c1fe2fc9f0745d8"
  name = "github.com/segmentio/go-loggly"
  packages = ["."]
  pruneopts = "T"
  revision = "eb91657e62b25699dd4e84d5562735440d4beace"

[[projects]]
  digest = "1:0ceb2be67ad1eff2f84aa6d949fb5a1b51d7709648ba7821028cbfd7ffc20f6d"
  name = "github.com/sergi/go-diff"
  packages = ["diffmatchpatch"]
  pruneopts = "T"
  revision = "83532ca1c1caa393179c677b6facf48e61f4ca5d"

[[projects]]
  digest = "1:f4144e2638d1a213dc42fc7a7242d48285cbce7ada079f475c96920731b999b0"
  name = "github.com/sirupsen/logrus"
  packages = [
    ".",
    "hooks/test",
  ]
  pruneopts = "T"
  revision = "68cec9f21fbf3ea8d8f98c044bc6ce05f17b267a"

[[projects]]
  digest = "1:e4ea18b52dd9211e7e7b551ecaef4c49c274b2d9d5df4a46f70a03281a8b3c45"
  name = "github.com/spf13/cast"
  packages = ["."]
  pruneopts = "T"
  revision = "4d07383ffe94b5e5a6fa3af9211374a4507a0184"

[[projects]]
  digest = "1:0213093a811386013975c23066bb95f081abdbaa0a3c968816614acb39759c0e"
  name = "github.com/spf13/cobra"
  packages = ["."]
  pruneopts = "T"
  revision = "9c28e4bbd74e5c3ed7aacbc552b2cab7cfdfe744"

[[projects]]
  digest = "1:c53a1d875e8cab85a5c5f75a4ed06924300108aa413d5802b07c9ac657a63d4a"
  name = "github.com/spf13/jwalterweatherman"
  packages = ["."]
  pruneopts = "T"
  revision = "3d60171a64319ef63c78bd45bd60e6eab1e75f8b"

[[projects]]
  digest = "1:a4d70b9361d2c90b1d861d6beea106baab7eeafdbed0265bb19023e432bff074"
  name = "github.com/spf13/pflag"
  packages = ["."]
  pruneopts = "T"
  revision = "4bd69631f4750a9df249ee317f4536e02cbc3c65"

[[projects]]
  digest = "1:2012188552160bbd5aaec3d0dae797eba9c1000538b036949e2925ccaf13c70e"
  name = "github.com/spf13/viper"
  packages = ["."]
  pruneopts = "T"
  revision = "db7ff930a189b98d602179d9001d33345f42b8c7"

[[projects]]
  branch = "master"
  digest = "1:8234b16ee9deb574008f7ee4d571533571a06669ac3fd0475ecd467f69a980f1"
  name = "github.com/stellar/go-xdr"
  packages = ["xdr3"]
  pruneopts = "T"
  revision = "0bc96f33a18ef2f963e75431dbed042129eb421b"

[[projects]]
  digest = "1:1087cae51acd825ff03792b392a34486a261b9673a9514df0b712051edee0c2b"
  name = "github.com/stretchr/objx"
  packages = ["."]
  pruneopts = "T"
  revision = "1a9d0bb9f541897e62256577b352fdbc1fb4fd94"

[[projects]]
  digest = "1:8824e3b7c3df26dbd75bd765257d7e6476e89acc4fcc442d7870c84c1f646930"
  name = "github.com/stretchr/testify"
  packages = [
    "assert",
    "mock",
    "require",
    "suite",
  ]
  pruneopts = "T"
  revision = "976c720a22c8eb4eb6a0b4348ad85ad12491a506"

[[projects]]
  branch = "master"
  digest = "1:ec528a786fa75556deed44de7118a74ced456360e782786a20aed292a03955a5"
  name = "github.com/tyler-smith/go-bip32"
  packages = ["."]
  pruneopts = "T"
  revision = "2c9cfd17756470a0b7c3e4b7954bae7d11035504"

[[projects]]
  digest = "1:e8a3550c8786316675ff54ad6f09d265d129c9d986919af7f541afba50d87ce2"
  name = "github.com/tyler-smith/go-bip39"
  packages = ["."]
  pruneopts = "T"
  revision = "52158e4697b87de16ed390e1bdaf813e581008fa"

[[projects]]
  branch = "master"
  digest = "1:c468422f334a6b46a19448ad59aaffdfc0a36b08fdcc1c749a0b29b6453d7e59"
  name = "github.com/valyala/bytebufferpool"
  packages = ["."]
  pruneopts = "T"
  revision = "e746df99fe4a3986f4d4f79e13c1e0117ce9c2f7"

[[projects]]
  digest = "1:4c1159d36e43d44b59d0def5d433886f864585fa693dae017e265c1f53958137"
  name = "github.com/valyala/fasthttp"
  packages = [
    ".",
    "fasthttputil",
    "stackless",
  ]
  pruneopts = "T"
  revision = "0a7f0a797cd66b89588d0a7fdd670b706579a621"

[[projects]]
  digest = "1:269b774690b92d13c92272e60f289c10cb11f9223f8c71b5677c7a3614595769"
  name = "github.com/xeipuuv/gojsonpointer"
  packages = ["."]
  pruneopts = "T"
  revision = "e0fe6f68307607d540ed8eac07a342c33fa1b54a"

[[projects]]
  digest = "1:32bcfc1e3d2f83a36e1b0fb680b7363aff4154aafafde1dc4d7112b82f5151f1"
  name = "github.com/xeipuuv/gojsonreference"
  packages = ["."]
  pruneopts = "T"
  revision = "e02fc20de94c78484cd5ffb007f8af96be030a45"

[[projects]]
  digest = "1:aeaf7a7147e2331bf82ec2b163e61d6bf66f0b0346a844e56c2a6bbea9111046"
  name = "github.com/xeipuuv/gojsonschema"
  packages = ["."]
  pruneopts = "T"
  revision = "f06f290571ce81ab347174c6f7ad2e1865af41a7"

[[projects]]
  digest = "1:64f976e5f6b9df3361b69c444da1489fb77207ddcdfbe5327f7b23210a580827"
  name = "github.com/yalp/jsonpath"
  packages = ["."]
  pruneopts = "T"
  revision = "31a79c7593bb93eb10b163650d4a3e6ca190e4dc"

[[projects]]
  digest = "1:860eb6971b96503ef89ee7e409365ae31ebccaaf7184cddba2be5f12cc4a48f1"
  name = "github.com/yudai/gojsondiff"
  packages = [
    ".",
    "formatter",
  ]
  pruneopts = "T"
  revision = "7b1b7adf999dab73a6eb02669c3d82dbb27a3dd6"
  version = "1.0.0"

[[projects]]
  digest = "1:2c8a76e4381f69731e5cb55cbf2f2a5c98d800005e0e3419e3153cb22758ca6a"
  name = "github.com/yudai/golcs"
  packages = ["."]
  pruneopts = "T"
  revision = "d1c525dea8ce39ea9a783d33cf08932305373f2c"

[[projects]]
  digest = "1:0f2b2cb9f84318c0f71fed3087ff9ac370370f842469b71b00348c3d72a19b44"
  name = "golang.org/x/crypto"
  packages = [
    "pbkdf2",
    "ripemd160",
    "ssh/terminal",
  ]
  pruneopts = "T"
  revision = "1f22c0103821b9390939b6776727195525381532"

[[projects]]
  digest = "1:a18644706c9badac05ff6618845384817a90a33b6cb79a7a0bdafaac6ef7e563"
  name = "golang.org/x/net"
  packages = [
    "context",
    "html",
    "html/atom",
    "html/charset",
    "http2",
    "http2/hpack",
    "idna",
    "lex/httplex",
    "publicsuffix",
    "websocket",
  ]
  pruneopts = "T"
  revision = "9bc2a3340c92c17a20edcd0080e93851ed58f5d5"

[[projects]]
  digest = "1:85c277bcba5f673644793cd86ccca4b366d938e4706c04be7222f6f643a683bb"
  name = "golang.org/x/sys"
  packages = ["unix"]
  pruneopts = "T"
  revision = "1f5e250e1174502017917628cc48b52fdc25b531"

[[projects]]
  digest = "1:e75680071853b8e66b993f3b108eac3aa925432a4d2fb0205f6cb6422def925e"
  name = "golang.org/x/text"
  packages = [
    "encoding",
    "encoding/charmap",
    "encoding/htmlindex",
    "encoding/internal",
    "encoding/internal/identifier",
    "encoding/japanese",
    "encoding/korean",
    "encoding/simplifiedchinese",
    "encoding/traditionalchinese",
    "encoding/unicode",
    "internal/gen",
    "internal/tag",
    "internal/utf8internal",
    "language",
    "runes",
    "transform",
    "unicode/cldr",
  ]
  pruneopts = "T"
  revision = "1cbadb444a806fd9430d14ad08967ed91da4fa0a"

[[projects]]
  digest = "1:3ccd10c863188cfe0d936fcfe6a055c95362e43af8e7039e33baade846928e74"
  name = "gopkg.in/fatih/set.v0"
  packages = ["."]
  pruneopts = "T"
  revision = "57907de300222151a123d29255ed17f5ed43fad3"

[[projects]]
  digest = "1:771526d45c07bce33c1a468c844fd8c438ec94ad9fb660ca74b39e753a2fe76a"
  name = "gopkg.in/gavv/httpexpect.v1"
  packages = ["."]
  pruneopts = "T"
  revision = "40724cf1e4a08b670b14a02deff693a91f3aa9a0"

[[projects]]
  digest = "1:fa9a7c0ef59217bd22f32eb7cc027894d73f340a5633258cc079dec025db6a7f"
  name = "gopkg.in/gorp.v1"
  packages = ["."]
  pruneopts = "T"
  revision = "c87af80f3cc5036b55b83d77171e156791085e2e"
  version = "v1.7.1"

[[projects]]
  branch = "v2"
  digest = "1:dae137be246befa42ce4b48c0feff2c5796b8a5027139a283f31a21173744410"
  name = "gopkg.in/karalabe/cookiejar.v2"
  packages = ["collections/prque"]
  pruneopts = "T"
  revision = "8dcd6a7f4951f6ff3ee9cbb919a06d8925822e57"

[[projects]]
  branch = "v2"
  digest = "1:3d3f9391ab615be8655ae0d686a1564f3fec413979bb1aaf018bac1ec1bb1cc7"
  name = "gopkg.in/natefinch/npipe.v2"
  packages = ["."]
  pruneopts = "T"
  revision = "c1b8fa8bdccecb0b8db834ee0b92fdbcfa606dd6"

[[projects]]
  digest = "1:1c39cd8d4130c1c7e3a13fc4bf425229bfe68bbd9632a24c3efa9579ce619dce"
  name = "gopkg.in/tylerb/graceful.v1"
  packages = ["."]
  pruneopts = "T"
  revision = "50a48b6e73fcc75b45e22c05b79629a67c79e938"
  version = "v1.2.13"

[[projects]]
  digest = "1:37bf0c8e8da86322a5caa03c3a1979dd3538983d7d929e942f1542f865f3d5f2"
  name = "gopkg.in/yaml.v2"
  packages = ["."]
  pruneopts = "T"
  revision = "7ad95dd0798a40da1ccdff6dff35fd177b5edf40"

[solve-meta]
  analyzer-name = "dep"
  analyzer-version = 1
  input-imports = [
    "bitbucket.org/ww/goautoneg",
    "github.com/BurntSushi/toml",
    "github.com/Masterminds/squirrel",
    "github.com/PuerkitoBio/throttled",
    "github.com/PuerkitoBio/throttled/store",
    "github.com/agl/ed25519",
    "github.com/asaskevich/govalidator",
    "github.com/aws/aws-sdk-go/aws",
    "github.com/aws/aws-sdk-go/aws/session",
    "github.com/aws/aws-sdk-go/service/s3",
    "github.com/btcsuite/btcd/chaincfg",
    "github.com/btcsuite/btcd/chaincfg/chainhash",
    "github.com/btcsuite/btcd/rpcclient",
    "github.com/btcsuite/btcd/txscript",
    "github.com/btcsuite/btcd/wire",
    "github.com/btcsuite/btcutil",
    "github.com/ethereum/go-ethereum/common",
    "github.com/ethereum/go-ethereum/core/types",
    "github.com/ethereum/go-ethereum/crypto",
    "github.com/ethereum/go-ethereum/ethclient",
    "github.com/facebookgo/inject",
    "github.com/garyburd/redigo/redis",
    "github.com/getsentry/raven-go",
    "github.com/go-chi/chi",
    "github.com/go-chi/chi/middleware",
    "github.com/go-errors/errors",
    "github.com/go-sql-driver/mysql",
    "github.com/goji/httpauth",
    "github.com/guregu/null",
    "github.com/haltingstate/secp256k1-go",
    "github.com/howeyc/gopass",
    "github.com/jarcoal/httpmock",
    "github.com/jmoiron/sqlx",
    "github.com/jmoiron/sqlx/reflectx",
    "github.com/lib/pq",
    "github.com/manucorporat/sse",
    "github.com/mattn/go-sqlite3",
    "github.com/onsi/ginkgo",
    "github.com/onsi/ginkgo/extensions/table",
    "github.com/onsi/gomega",
    "github.com/onsi/gomega/types",
    "github.com/pkg/errors",
    "github.com/r3labs/sse",
    "github.com/rcrowley/go-metrics",
    "github.com/rs/cors",
    "github.com/rubenv/sql-migrate",
    "github.com/sebest/xff",
    "github.com/segmentio/go-loggly",
    "github.com/sirupsen/logrus",
    "github.com/sirupsen/logrus/hooks/test",
    "github.com/spf13/cobra",
    "github.com/spf13/viper",
    "github.com/stellar/go-xdr/xdr3",
    "github.com/stretchr/testify/assert",
    "github.com/stretchr/testify/mock",
    "github.com/stretchr/testify/require",
    "github.com/stretchr/testify/suite",
    "github.com/tyler-smith/go-bip32",
    "github.com/tyler-smith/go-bip39",
    "golang.org/x/net/http2",
    "gopkg.in/gavv/httpexpect.v1",
    "gopkg.in/tylerb/graceful.v1",
  ]
  solver-name = "gps-cdcl"
  solver-version = 1
